// !$*UTF8*$!
{
	archiveVersion = 1;
	classes = {
	};
	objectVersion = 56;
	objects = {

/* Begin PBXBuildFile section */
		475CBED02AB5820300359836 /* AuthenticationManager.swift in Sources */ = {isa = PBXBuildFile; fileRef = 475CBECF2AB5820300359836 /* AuthenticationManager.swift */; };
		475CBED22AB5825700359836 /* UserProfile.swift in Sources */ = {isa = PBXBuildFile; fileRef = 475CBED12AB5825700359836 /* UserProfile.swift */; };
		475CBED42AB5828300359836 /* PaymentManager.swift in Sources */ = {isa = PBXBuildFile; fileRef = 475CBED32AB5828300359836 /* PaymentManager.swift */; };
		475CBED62AB5834F00359836 /* GameController.swift in Sources */ = {isa = PBXBuildFile; fileRef = 475CBED52AB5834F00359836 /* GameController.swift */; };
		475CBED92AB587E400359836 /* Stripe in Frameworks */ = {isa = PBXBuildFile; productRef = 475CBED82AB587E400359836 /* Stripe */; };
		475CBEDB2AB587E400359836 /* StripeApplePay in Frameworks */ = {isa = PBXBuildFile; productRef = 475CBEDA2AB587E400359836 /* StripeApplePay */; };
		475CBEDD2AB587E400359836 /* StripeCardScan in Frameworks */ = {isa = PBXBuildFile; productRef = 475CBEDC2AB587E400359836 /* StripeCardScan */; };
		475CBEDF2AB587E400359836 /* StripeFinancialConnections in Frameworks */ = {isa = PBXBuildFile; productRef = 475CBEDE2AB587E400359836 /* StripeFinancialConnections */; };
		475CBEE12AB587E400359836 /* StripeIdentity in Frameworks */ = {isa = PBXBuildFile; productRef = 475CBEE02AB587E400359836 /* StripeIdentity */; };
		475CBEE32AB587E400359836 /* StripePaymentSheet in Frameworks */ = {isa = PBXBuildFile; productRef = 475CBEE22AB587E400359836 /* StripePaymentSheet */; };
		475CBEE52AB587E400359836 /* StripePayments in Frameworks */ = {isa = PBXBuildFile; productRef = 475CBEE42AB587E400359836 /* StripePayments */; };
		475CBEE72AB587E400359836 /* StripePaymentsUI in Frameworks */ = {isa = PBXBuildFile; productRef = 475CBEE62AB587E400359836 /* StripePaymentsUI */; };
		475CBEE92AB5970900359836 /* GoogleService-Info.plist in Resources */ = {isa = PBXBuildFile; fileRef = 475CBEE82AB5970900359836 /* GoogleService-Info.plist */; };
		475CBEEA2AB5970900359836 /* GoogleService-Info.plist in Resources */ = {isa = PBXBuildFile; fileRef = 475CBEE82AB5970900359836 /* GoogleService-Info.plist */; };
		475CBEEB2AB5970900359836 /* GoogleService-Info.plist in Resources */ = {isa = PBXBuildFile; fileRef = 475CBEE82AB5970900359836 /* GoogleService-Info.plist */; };
		47FBAF662AAFB84300AD241B /* BidApp.swift in Sources */ = {isa = PBXBuildFile; fileRef = 47FBAF652AAFB84300AD241B /* BidApp.swift */; };
		47FBAF682AAFB84300AD241B /* ContentView.swift in Sources */ = {isa = PBXBuildFile; fileRef = 47FBAF672AAFB84300AD241B /* ContentView.swift */; };
		47FBAF6A2AAFB84400AD241B /* Assets.xcassets in Resources */ = {isa = PBXBuildFile; fileRef = 47FBAF692AAFB84400AD241B /* Assets.xcassets */; };
		47FBAF6D2AAFB84400AD241B /* Preview Assets.xcassets in Resources */ = {isa = PBXBuildFile; fileRef = 47FBAF6C2AAFB84400AD241B /* Preview Assets.xcassets */; };
		47FBAF772AAFB84400AD241B /* BidTests.swift in Sources */ = {isa = PBXBuildFile; fileRef = 47FBAF762AAFB84400AD241B /* BidTests.swift */; };
		47FBAF812AAFB84400AD241B /* BidUITests.swift in Sources */ = {isa = PBXBuildFile; fileRef = 47FBAF802AAFB84400AD241B /* BidUITests.swift */; };
		47FBAF832AAFB84400AD241B /* BidUITestsLaunchTests.swift in Sources */ = {isa = PBXBuildFile; fileRef = 47FBAF822AAFB84400AD241B /* BidUITestsLaunchTests.swift */; };
/* End PBXBuildFile section */

/* Begin PBXContainerItemProxy section */
		47FBAF732AAFB84400AD241B /* PBXContainerItemProxy */ = {
			isa = PBXContainerItemProxy;
			containerPortal = 47FBAF5A2AAFB84300AD241B /* Project object */;
			proxyType = 1;
			remoteGlobalIDString = 47FBAF612AAFB84300AD241B;
			remoteInfo = Bid;
		};
		47FBAF7D2AAFB84400AD241B /* PBXContainerItemProxy */ = {
			isa = PBXContainerItemProxy;
			containerPortal = 47FBAF5A2AAFB84300AD241B /* Project object */;
			proxyType = 1;
			remoteGlobalIDString = 47FBAF612AAFB84300AD241B;
			remoteInfo = Bid;
		};
/* End PBXContainerItemProxy section */

/* Begin PBXFileReference section */
		475CBECF2AB5820300359836 /* AuthenticationManager.swift */ = {isa = PBXFileReference; lastKnownFileType = sourcecode.swift; path = AuthenticationManager.swift; sourceTree = "<group>"; };
		475CBED12AB5825700359836 /* UserProfile.swift */ = {isa = PBXFileReference; lastKnownFileType = sourcecode.swift; path = UserProfile.swift; sourceTree = "<group>"; };
		475CBED32AB5828300359836 /* PaymentManager.swift */ = {isa = PBXFileReference; lastKnownFileType = sourcecode.swift; path = PaymentManager.swift; sourceTree = "<group>"; };
		475CBED52AB5834F00359836 /* GameController.swift */ = {isa = PBXFileReference; lastKnownFileType = sourcecode.swift; path = GameController.swift; sourceTree = "<group>"; };
		475CBEE82AB5970900359836 /* GoogleService-Info.plist */ = {isa = PBXFileReference; fileEncoding = 4; lastKnownFileType = text.plist.xml; name = "GoogleService-Info.plist"; path = "../../../../Downloads/GoogleService-Info.plist"; sourceTree = "<group>"; };
		47FBAF622AAFB84300AD241B /* Bid.app */ = {isa = PBXFileReference; explicitFileType = wrapper.application; includeInIndex = 0; path = Bid.app; sourceTree = BUILT_PRODUCTS_DIR; };
		47FBAF652AAFB84300AD241B /* BidApp.swift */ = {isa = PBXFileReference; lastKnownFileType = sourcecode.swift; path = BidApp.swift; sourceTree = "<group>"; };
		47FBAF672AAFB84300AD241B /* ContentView.swift */ = {isa = PBXFileReference; lastKnownFileType = sourcecode.swift; path = ContentView.swift; sourceTree = "<group>"; };
		47FBAF692AAFB84400AD241B /* Assets.xcassets */ = {isa = PBXFileReference; lastKnownFileType = folder.assetcatalog; path = Assets.xcassets; sourceTree = "<group>"; };
		47FBAF6C2AAFB84400AD241B /* Preview Assets.xcassets */ = {isa = PBXFileReference; lastKnownFileType = folder.assetcatalog; path = "Preview Assets.xcassets"; sourceTree = "<group>"; };
		47FBAF722AAFB84400AD241B /* BidTests.xctest */ = {isa = PBXFileReference; explicitFileType = wrapper.cfbundle; includeInIndex = 0; path = BidTests.xctest; sourceTree = BUILT_PRODUCTS_DIR; };
		47FBAF762AAFB84400AD241B /* BidTests.swift */ = {isa = PBXFileReference; lastKnownFileType = sourcecode.swift; path = BidTests.swift; sourceTree = "<group>"; };
		47FBAF7C2AAFB84400AD241B /* BidUITests.xctest */ = {isa = PBXFileReference; explicitFileType = wrapper.cfbundle; includeInIndex = 0; path = BidUITests.xctest; sourceTree = BUILT_PRODUCTS_DIR; };
		47FBAF802AAFB84400AD241B /* BidUITests.swift */ = {isa = PBXFileReference; lastKnownFileType = sourcecode.swift; path = BidUITests.swift; sourceTree = "<group>"; };
		47FBAF822AAFB84400AD241B /* BidUITestsLaunchTests.swift */ = {isa = PBXFileReference; lastKnownFileType = sourcecode.swift; path = BidUITestsLaunchTests.swift; sourceTree = "<group>"; };
/* End PBXFileReference section */

/* Begin PBXFrameworksBuildPhase section */
		47FBAF5F2AAFB84300AD241B /* Frameworks */ = {
			isa = PBXFrameworksBuildPhase;
			buildActionMask = 2147483647;
			files = (
				475CBEDD2AB587E400359836 /* StripeCardScan in Frameworks */,
				475CBEDF2AB587E400359836 /* StripeFinancialConnections in Frameworks */,
				475CBEE12AB587E400359836 /* StripeIdentity in Frameworks */,
				475CBED92AB587E400359836 /* Stripe in Frameworks */,
				475CBEE32AB587E400359836 /* StripePaymentSheet in Frameworks */,
				475CBEE52AB587E400359836 /* StripePayments in Frameworks */,
				475CBEE72AB587E400359836 /* StripePaymentsUI in Frameworks */,
				475CBEDB2AB587E400359836 /* StripeApplePay in Frameworks */,
			);
			runOnlyForDeploymentPostprocessing = 0;
		};
		47FBAF6F2AAFB84400AD241B /* Frameworks */ = {
			isa = PBXFrameworksBuildPhase;
			buildActionMask = 2147483647;
			files = (
			);
			runOnlyForDeploymentPostprocessing = 0;
		};
		47FBAF792AAFB84400AD241B /* Frameworks */ = {
			isa = PBXFrameworksBuildPhase;
			buildActionMask = 2147483647;
			files = (
			);
			runOnlyForDeploymentPostprocessing = 0;
		};
/* End PBXFrameworksBuildPhase section */

/* Begin PBXGroup section */
		47FBAF592AAFB84300AD241B = {
			isa = PBXGroup;
			children = (
				47FBAF642AAFB84300AD241B /* Bid */,
				47FBAF752AAFB84400AD241B /* BidTests */,
				47FBAF7F2AAFB84400AD241B /* BidUITests */,
				47FBAF632AAFB84300AD241B /* Products */,
			);
			sourceTree = "<group>";
		};
		47FBAF632AAFB84300AD241B /* Products */ = {
			isa = PBXGroup;
			children = (
				47FBAF622AAFB84300AD241B /* Bid.app */,
				47FBAF722AAFB84400AD241B /* BidTests.xctest */,
				47FBAF7C2AAFB84400AD241B /* BidUITests.xctest */,
			);
			name = Products;
			sourceTree = "<group>";
		};
		47FBAF642AAFB84300AD241B /* Bid */ = {
			isa = PBXGroup;
			children = (
				47FBAF652AAFB84300AD241B /* BidApp.swift */,
				475CBECF2AB5820300359836 /* AuthenticationManager.swift */,
				475CBED12AB5825700359836 /* UserProfile.swift */,
				475CBED32AB5828300359836 /* PaymentManager.swift */,
				475CBED52AB5834F00359836 /* GameController.swift */,
				47FBAF672AAFB84300AD241B /* ContentView.swift */,
				47FBAF692AAFB84400AD241B /* Assets.xcassets */,
				475CBEE82AB5970900359836 /* GoogleService-Info.plist */,
				47FBAF6B2AAFB84400AD241B /* Preview Content */,
			);
			path = Bid;
			sourceTree = "<group>";
		};
		47FBAF6B2AAFB84400AD241B /* Preview Content */ = {
			isa = PBXGroup;
			children = (
				47FBAF6C2AAFB84400AD241B /* Preview Assets.xcassets */,
			);
			path = "Preview Content";
			sourceTree = "<group>";
		};
		47FBAF752AAFB84400AD241B /* BidTests */ = {
			isa = PBXGroup;
			children = (
				47FBAF762AAFB84400AD241B /* BidTests.swift */,
			);
			path = BidTests;
			sourceTree = "<group>";
		};
		47FBAF7F2AAFB84400AD241B /* BidUITests */ = {
			isa = PBXGroup;
			children = (
				47FBAF802AAFB84400AD241B /* BidUITests.swift */,
				47FBAF822AAFB84400AD241B /* BidUITestsLaunchTests.swift */,
			);
			path = BidUITests;
			sourceTree = "<group>";
		};
/* End PBXGroup section */

/* Begin PBXNativeTarget section */
		47FBAF612AAFB84300AD241B /* Bid */ = {
			isa = PBXNativeTarget;
			buildConfigurationList = 47FBAF862AAFB84400AD241B /* Build configuration list for PBXNativeTarget "Bid" */;
			buildPhases = (
				47FBAF5E2AAFB84300AD241B /* Sources */,
				47FBAF5F2AAFB84300AD241B /* Frameworks */,
				47FBAF602AAFB84300AD241B /* Resources */,
			);
			buildRules = (
			);
			dependencies = (
			);
			name = Bid;
			packageProductDependencies = (
				475CBED82AB587E400359836 /* Stripe */,
				475CBEDA2AB587E400359836 /* StripeApplePay */,
				475CBEDC2AB587E400359836 /* StripeCardScan */,
				475CBEDE2AB587E400359836 /* StripeFinancialConnections */,
				475CBEE02AB587E400359836 /* StripeIdentity */,
				475CBEE22AB587E400359836 /* StripePaymentSheet */,
				475CBEE42AB587E400359836 /* StripePayments */,
				475CBEE62AB587E400359836 /* StripePaymentsUI */,
			);
			productName = Bid;
			productReference = 47FBAF622AAFB84300AD241B /* Bid.app */;
			productType = "com.apple.product-type.application";
		};
		47FBAF712AAFB84400AD241B /* BidTests */ = {
			isa = PBXNativeTarget;
			buildConfigurationList = 47FBAF892AAFB84400AD241B /* Build configuration list for PBXNativeTarget "BidTests" */;
			buildPhases = (
				47FBAF6E2AAFB84400AD241B /* Sources */,
				47FBAF6F2AAFB84400AD241B /* Frameworks */,
				47FBAF702AAFB84400AD241B /* Resources */,
			);
			buildRules = (
			);
			dependencies = (
				47FBAF742AAFB84400AD241B /* PBXTargetDependency */,
			);
			name = BidTests;
			productName = BidTests;
			productReference = 47FBAF722AAFB84400AD241B /* BidTests.xctest */;
			productType = "com.apple.product-type.bundle.unit-test";
		};
		47FBAF7B2AAFB84400AD241B /* BidUITests */ = {
			isa = PBXNativeTarget;
			buildConfigurationList = 47FBAF8C2AAFB84400AD241B /* Build configuration list for PBXNativeTarget "BidUITests" */;
			buildPhases = (
				47FBAF782AAFB84400AD241B /* Sources */,
				47FBAF792AAFB84400AD241B /* Frameworks */,
				47FBAF7A2AAFB84400AD241B /* Resources */,
			);
			buildRules = (
			);
			dependencies = (
				47FBAF7E2AAFB84400AD241B /* PBXTargetDependency */,
			);
			name = BidUITests;
			productName = BidUITests;
			productReference = 47FBAF7C2AAFB84400AD241B /* BidUITests.xctest */;
			productType = "com.apple.product-type.bundle.ui-testing";
		};
/* End PBXNativeTarget section */

/* Begin PBXProject section */
		47FBAF5A2AAFB84300AD241B /* Project object */ = {
			isa = PBXProject;
			attributes = {
				BuildIndependentTargetsInParallel = 1;
				LastSwiftUpdateCheck = 1430;
				LastUpgradeCheck = 1430;
				TargetAttributes = {
					47FBAF612AAFB84300AD241B = {
						CreatedOnToolsVersion = 14.3.1;
					};
					47FBAF712AAFB84400AD241B = {
						CreatedOnToolsVersion = 14.3.1;
						TestTargetID = 47FBAF612AAFB84300AD241B;
					};
					47FBAF7B2AAFB84400AD241B = {
						CreatedOnToolsVersion = 14.3.1;
						TestTargetID = 47FBAF612AAFB84300AD241B;
					};
				};
			};
			buildConfigurationList = 47FBAF5D2AAFB84300AD241B /* Build configuration list for PBXProject "Bid" */;
			compatibilityVersion = "Xcode 14.0";
			developmentRegion = en;
			hasScannedForEncodings = 0;
			knownRegions = (
				en,
				Base,
			);
			mainGroup = 47FBAF592AAFB84300AD241B;
			packageReferences = (
				475CBED72AB587E400359836 /* XCRemoteSwiftPackageReference "stripe-ios-spm" */,
				475CBEEC2AB5975000359836 /* XCRemoteSwiftPackageReference "firebase-ios-sdk" */,
			);
			productRefGroup = 47FBAF632AAFB84300AD241B /* Products */;
			projectDirPath = "";
			projectRoot = "";
			targets = (
				47FBAF612AAFB84300AD241B /* Bid */,
				47FBAF712AAFB84400AD241B /* BidTests */,
				47FBAF7B2AAFB84400AD241B /* BidUITests */,
			);
		};
/* End PBXProject section */

/* Begin PBXResourcesBuildPhase section */
		47FBAF602AAFB84300AD241B /* Resources */ = {
			isa = PBXResourcesBuildPhase;
			buildActionMask = 2147483647;
			files = (
				47FBAF6D2AAFB84400AD241B /* Preview Assets.xcassets in Resources */,
				47FBAF6A2AAFB84400AD241B /* Assets.xcassets in Resources */,
				475CBEE92AB5970900359836 /* GoogleService-Info.plist in Resources */,
			);
			runOnlyForDeploymentPostprocessing = 0;
		};
		47FBAF702AAFB84400AD241B /* Resources */ = {
			isa = PBXResourcesBuildPhase;
			buildActionMask = 2147483647;
			files = (
				475CBEEA2AB5970900359836 /* GoogleService-Info.plist in Resources */,
			);
			runOnlyForDeploymentPostprocessing = 0;
		};
		47FBAF7A2AAFB84400AD241B /* Resources */ = {
			isa = PBXResourcesBuildPhase;
			buildActionMask = 2147483647;
			files = (
				475CBEEB2AB5970900359836 /* GoogleService-Info.plist in Resources */,
			);
			runOnlyForDeploymentPostprocessing = 0;
		};
/* End PBXResourcesBuildPhase section */

/* Begin PBXSourcesBuildPhase section */
		47FBAF5E2AAFB84300AD241B /* Sources */ = {
			isa = PBXSourcesBuildPhase;
			buildActionMask = 2147483647;
			files = (
				475CBED22AB5825700359836 /* UserProfile.swift in Sources */,
				475CBED62AB5834F00359836 /* GameController.swift in Sources */,
				475CBED42AB5828300359836 /* PaymentManager.swift in Sources */,
				475CBED02AB5820300359836 /* AuthenticationManager.swift in Sources */,
				47FBAF682AAFB84300AD241B /* ContentView.swift in Sources */,
				47FBAF662AAFB84300AD241B /* BidApp.swift in Sources */,
			);
			runOnlyForDeploymentPostprocessing = 0;
		};
		47FBAF6E2AAFB84400AD241B /* Sources */ = {
			isa = PBXSourcesBuildPhase;
			buildActionMask = 2147483647;
			files = (
				47FBAF772AAFB84400AD241B /* BidTests.swift in Sources */,
			);
			runOnlyForDeploymentPostprocessing = 0;
		};
		47FBAF782AAFB84400AD241B /* Sources */ = {
			isa = PBXSourcesBuildPhase;
			buildActionMask = 2147483647;
			files = (
				47FBAF832AAFB84400AD241B /* BidUITestsLaunchTests.swift in Sources */,
				47FBAF812AAFB84400AD241B /* BidUITests.swift in Sources */,
			);
			runOnlyForDeploymentPostprocessing = 0;
		};
/* End PBXSourcesBuildPhase section */

/* Begin PBXTargetDependency section */
		47FBAF742AAFB84400AD241B /* PBXTargetDependency */ = {
			isa = PBXTargetDependency;
			target = 47FBAF612AAFB84300AD241B /* Bid */;
			targetProxy = 47FBAF732AAFB84400AD241B /* PBXContainerItemProxy */;
		};
		47FBAF7E2AAFB84400AD241B /* PBXTargetDependency */ = {
			isa = PBXTargetDependency;
			target = 47FBAF612AAFB84300AD241B /* Bid */;
			targetProxy = 47FBAF7D2AAFB84400AD241B /* PBXContainerItemProxy */;
		};
/* End PBXTargetDependency section */

/* Begin XCBuildConfiguration section */
		47FBAF842AAFB84400AD241B /* Debug */ = {
			isa = XCBuildConfiguration;
			buildSettings = {
				ALWAYS_SEARCH_USER_PATHS = NO;
				CLANG_ANALYZER_NONNULL = YES;
				CLANG_ANALYZER_NUMBER_OBJECT_CONVERSION = YES_AGGRESSIVE;
				CLANG_CXX_LANGUAGE_STANDARD = "gnu++20";
				CLANG_ENABLE_MODULES = YES;
				CLANG_ENABLE_OBJC_ARC = YES;
				CLANG_ENABLE_OBJC_WEAK = YES;
				CLANG_WARN_BLOCK_CAPTURE_AUTORELEASING = YES;
				CLANG_WARN_BOOL_CONVERSION = YES;
				CLANG_WARN_COMMA = YES;
				CLANG_WARN_CONSTANT_CONVERSION = YES;
				CLANG_WARN_DEPRECATED_OBJC_IMPLEMENTATIONS = YES;
				CLANG_WARN_DIRECT_OBJC_ISA_USAGE = YES_ERROR;
				CLANG_WARN_DOCUMENTATION_COMMENTS = YES;
				CLANG_WARN_EMPTY_BODY = YES;
				CLANG_WARN_ENUM_CONVERSION = YES;
				CLANG_WARN_INFINITE_RECURSION = YES;
				CLANG_WARN_INT_CONVERSION = YES;
				CLANG_WARN_NON_LITERAL_NULL_CONVERSION = YES;
				CLANG_WARN_OBJC_IMPLICIT_RETAIN_SELF = YES;
				CLANG_WARN_OBJC_LITERAL_CONVERSION = YES;
				CLANG_WARN_OBJC_ROOT_CLASS = YES_ERROR;
				CLANG_WARN_QUOTED_INCLUDE_IN_FRAMEWORK_HEADER = YES;
				CLANG_WARN_RANGE_LOOP_ANALYSIS = YES;
				CLANG_WARN_STRICT_PROTOTYPES = YES;
				CLANG_WARN_SUSPICIOUS_MOVE = YES;
				CLANG_WARN_UNGUARDED_AVAILABILITY = YES_AGGRESSIVE;
				CLANG_WARN_UNREACHABLE_CODE = YES;
				CLANG_WARN__DUPLICATE_METHOD_MATCH = YES;
				COPY_PHASE_STRIP = NO;
				DEBUG_INFORMATION_FORMAT = dwarf;
				ENABLE_STRICT_OBJC_MSGSEND = YES;
				ENABLE_TESTABILITY = YES;
				GCC_C_LANGUAGE_STANDARD = gnu11;
				GCC_DYNAMIC_NO_PIC = NO;
				GCC_NO_COMMON_BLOCKS = YES;
				GCC_OPTIMIZATION_LEVEL = 0;
				GCC_PREPROCESSOR_DEFINITIONS = (
					"DEBUG=1",
					"$(inherited)",
				);
				GCC_WARN_64_TO_32_BIT_CONVERSION = YES;
				GCC_WARN_ABOUT_RETURN_TYPE = YES_ERROR;
				GCC_WARN_UNDECLARED_SELECTOR = YES;
				GCC_WARN_UNINITIALIZED_AUTOS = YES_AGGRESSIVE;
				GCC_WARN_UNUSED_FUNCTION = YES;
				GCC_WARN_UNUSED_VARIABLE = YES;
				IPHONEOS_DEPLOYMENT_TARGET = 16.4;
				MTL_ENABLE_DEBUG_INFO = INCLUDE_SOURCE;
				MTL_FAST_MATH = YES;
				ONLY_ACTIVE_ARCH = YES;
				SDKROOT = iphoneos;
				SWIFT_ACTIVE_COMPILATION_CONDITIONS = DEBUG;
				SWIFT_OPTIMIZATION_LEVEL = "-Onone";
			};
			name = Debug;
		};
		47FBAF852AAFB84400AD241B /* Release */ = {
			isa = XCBuildConfiguration;
			buildSettings = {
				ALWAYS_SEARCH_USER_PATHS = NO;
				CLANG_ANALYZER_NONNULL = YES;
				CLANG_ANALYZER_NUMBER_OBJECT_CONVERSION = YES_AGGRESSIVE;
				CLANG_CXX_LANGUAGE_STANDARD = "gnu++20";
				CLANG_ENABLE_MODULES = YES;
				CLANG_ENABLE_OBJC_ARC = YES;
				CLANG_ENABLE_OBJC_WEAK = YES;
				CLANG_WARN_BLOCK_CAPTURE_AUTORELEASING = YES;
				CLANG_WARN_BOOL_CONVERSION = YES;
				CLANG_WARN_COMMA = YES;
				CLANG_WARN_CONSTANT_CONVERSION = YES;
				CLANG_WARN_DEPRECATED_OBJC_IMPLEMENTATIONS = YES;
				CLANG_WARN_DIRECT_OBJC_ISA_USAGE = YES_ERROR;
				CLANG_WARN_DOCUMENTATION_COMMENTS = YES;
				CLANG_WARN_EMPTY_BODY = YES;
				CLANG_WARN_ENUM_CONVERSION = YES;
				CLANG_WARN_INFINITE_RECURSION = YES;
				CLANG_WARN_INT_CONVERSION = YES;
				CLANG_WARN_NON_LITERAL_NULL_CONVERSION = YES;
				CLANG_WARN_OBJC_IMPLICIT_RETAIN_SELF = YES;
				CLANG_WARN_OBJC_LITERAL_CONVERSION = YES;
				CLANG_WARN_OBJC_ROOT_CLASS = YES_ERROR;
				CLANG_WARN_QUOTED_INCLUDE_IN_FRAMEWORK_HEADER = YES;
				CLANG_WARN_RANGE_LOOP_ANALYSIS = YES;
				CLANG_WARN_STRICT_PROTOTYPES = YES;
				CLANG_WARN_SUSPICIOUS_MOVE = YES;
				CLANG_WARN_UNGUARDED_AVAILABILITY = YES_AGGRESSIVE;
				CLANG_WARN_UNREACHABLE_CODE = YES;
				CLANG_WARN__DUPLICATE_METHOD_MATCH = YES;
				COPY_PHASE_STRIP = NO;
				DEBUG_INFORMATION_FORMAT = "dwarf-with-dsym";
				ENABLE_NS_ASSERTIONS = NO;
				ENABLE_STRICT_OBJC_MSGSEND = YES;
				GCC_C_LANGUAGE_STANDARD = gnu11;
				GCC_NO_COMMON_BLOCKS = YES;
				GCC_WARN_64_TO_32_BIT_CONVERSION = YES;
				GCC_WARN_ABOUT_RETURN_TYPE = YES_ERROR;
				GCC_WARN_UNDECLARED_SELECTOR = YES;
				GCC_WARN_UNINITIALIZED_AUTOS = YES_AGGRESSIVE;
				GCC_WARN_UNUSED_FUNCTION = YES;
				GCC_WARN_UNUSED_VARIABLE = YES;
				IPHONEOS_DEPLOYMENT_TARGET = 16.4;
				MTL_ENABLE_DEBUG_INFO = NO;
				MTL_FAST_MATH = YES;
				SDKROOT = iphoneos;
				SWIFT_COMPILATION_MODE = wholemodule;
				SWIFT_OPTIMIZATION_LEVEL = "-O";
				VALIDATE_PRODUCT = YES;
			};
			name = Release;
		};
		47FBAF872AAFB84400AD241B /* Debug */ = {
			isa = XCBuildConfiguration;
			buildSettings = {
				ASSETCATALOG_COMPILER_APPICON_NAME = AppIcon;
				ASSETCATALOG_COMPILER_GLOBAL_ACCENT_COLOR_NAME = AccentColor;
				CODE_SIGN_STYLE = Automatic;
				CURRENT_PROJECT_VERSION = 1;
				DEVELOPMENT_ASSET_PATHS = "\"Bid/Preview Content\"";
				ENABLE_PREVIEWS = YES;
				GENERATE_INFOPLIST_FILE = YES;
				INFOPLIST_KEY_UIApplicationSceneManifest_Generation = YES;
				INFOPLIST_KEY_UIApplicationSupportsIndirectInputEvents = YES;
				INFOPLIST_KEY_UILaunchScreen_Generation = YES;
				INFOPLIST_KEY_UISupportedInterfaceOrientations_iPad = "UIInterfaceOrientationPortrait UIInterfaceOrientationPortraitUpsideDown UIInterfaceOrientationLandscapeLeft UIInterfaceOrientationLandscapeRight";
				INFOPLIST_KEY_UISupportedInterfaceOrientations_iPhone = "UIInterfaceOrientationPortrait UIInterfaceOrientationLandscapeLeft UIInterfaceOrientationLandscapeRight";
				LD_RUNPATH_SEARCH_PATHS = (
					"$(inherited)",
					"@executable_path/Frameworks",
				);
				MARKETING_VERSION = 1.0;
				PRODUCT_BUNDLE_IDENTIFIER = MPM.Bid;
				PRODUCT_NAME = "$(TARGET_NAME)";
				SWIFT_EMIT_LOC_STRINGS = YES;
				SWIFT_VERSION = 5.0;
				TARGETED_DEVICE_FAMILY = "1,2";
			};
			name = Debug;
		};
		47FBAF882AAFB84400AD241B /* Release */ = {
			isa = XCBuildConfiguration;
			buildSettings = {
				ASSETCATALOG_COMPILER_APPICON_NAME = AppIcon;
				ASSETCATALOG_COMPILER_GLOBAL_ACCENT_COLOR_NAME = AccentColor;
				CODE_SIGN_STYLE = Automatic;
				CURRENT_PROJECT_VERSION = 1;
				DEVELOPMENT_ASSET_PATHS = "\"Bid/Preview Content\"";
				ENABLE_PREVIEWS = YES;
				GENERATE_INFOPLIST_FILE = YES;
				INFOPLIST_KEY_UIApplicationSceneManifest_Generation = YES;
				INFOPLIST_KEY_UIApplicationSupportsIndirectInputEvents = YES;
				INFOPLIST_KEY_UILaunchScreen_Generation = YES;
				INFOPLIST_KEY_UISupportedInterfaceOrientations_iPad = "UIInterfaceOrientationPortrait UIInterfaceOrientationPortraitUpsideDown UIInterfaceOrientationLandscapeLeft UIInterfaceOrientationLandscapeRight";
				INFOPLIST_KEY_UISupportedInterfaceOrientations_iPhone = "UIInterfaceOrientationPortrait UIInterfaceOrientationLandscapeLeft UIInterfaceOrientationLandscapeRight";
				LD_RUNPATH_SEARCH_PATHS = (
					"$(inherited)",
					"@executable_path/Frameworks",
				);
				MARKETING_VERSION = 1.0;
				PRODUCT_BUNDLE_IDENTIFIER = MPM.Bid;
				PRODUCT_NAME = "$(TARGET_NAME)";
				SWIFT_EMIT_LOC_STRINGS = YES;
				SWIFT_VERSION = 5.0;
				TARGETED_DEVICE_FAMILY = "1,2";
			};
			name = Release;
		};
		47FBAF8A2AAFB84400AD241B /* Debug */ = {
			isa = XCBuildConfiguration;
			buildSettings = {
				ALWAYS_EMBED_SWIFT_STANDARD_LIBRARIES = YES;
				BUNDLE_LOADER = "$(TEST_HOST)";
				CODE_SIGN_STYLE = Automatic;
				CURRENT_PROJECT_VERSION = 1;
				GENERATE_INFOPLIST_FILE = YES;
				IPHONEOS_DEPLOYMENT_TARGET = 16.4;
				MARKETING_VERSION = 1.0;
				PRODUCT_BUNDLE_IDENTIFIER = MPM.BidTests;
				PRODUCT_NAME = "$(TARGET_NAME)";
				SWIFT_EMIT_LOC_STRINGS = NO;
				SWIFT_VERSION = 5.0;
				TARGETED_DEVICE_FAMILY = "1,2";
				TEST_HOST = "$(BUILT_PRODUCTS_DIR)/Bid.app/$(BUNDLE_EXECUTABLE_FOLDER_PATH)/Bid";
			};
			name = Debug;
		};
		47FBAF8B2AAFB84400AD241B /* Release */ = {
			isa = XCBuildConfiguration;
			buildSettings = {
				ALWAYS_EMBED_SWIFT_STANDARD_LIBRARIES = YES;
				BUNDLE_LOADER = "$(TEST_HOST)";
				CODE_SIGN_STYLE = Automatic;
				CURRENT_PROJECT_VERSION = 1;
				GENERATE_INFOPLIST_FILE = YES;
				IPHONEOS_DEPLOYMENT_TARGET = 16.4;
				MARKETING_VERSION = 1.0;
				PRODUCT_BUNDLE_IDENTIFIER = MPM.BidTests;
				PRODUCT_NAME = "$(TARGET_NAME)";
				SWIFT_EMIT_LOC_STRINGS = NO;
				SWIFT_VERSION = 5.0;
				TARGETED_DEVICE_FAMILY = "1,2";
				TEST_HOST = "$(BUILT_PRODUCTS_DIR)/Bid.app/$(BUNDLE_EXECUTABLE_FOLDER_PATH)/Bid";
			};
			name = Release;
		};
		47FBAF8D2AAFB84400AD241B /* Debug */ = {
			isa = XCBuildConfiguration;
			buildSettings = {
				ALWAYS_EMBED_SWIFT_STANDARD_LIBRARIES = YES;
				CODE_SIGN_STYLE = Automatic;
				CURRENT_PROJECT_VERSION = 1;
				GENERATE_INFOPLIST_FILE = YES;
				MARKETING_VERSION = 1.0;
				PRODUCT_BUNDLE_IDENTIFIER = MPM.BidUITests;
				PRODUCT_NAME = "$(TARGET_NAME)";
				SWIFT_EMIT_LOC_STRINGS = NO;
				SWIFT_VERSION = 5.0;
				TARGETED_DEVICE_FAMILY = "1,2";
				TEST_TARGET_NAME = Bid;
			};
			name = Debug;
		};
		47FBAF8E2AAFB84400AD241B /* Release */ = {
			isa = XCBuildConfiguration;
			buildSettings = {
				ALWAYS_EMBED_SWIFT_STANDARD_LIBRARIES = YES;
				CODE_SIGN_STYLE = Automatic;
				CURRENT_PROJECT_VERSION = 1;
				GENERATE_INFOPLIST_FILE = YES;
				MARKETING_VERSION = 1.0;
				PRODUCT_BUNDLE_IDENTIFIER = MPM.BidUITests;
				PRODUCT_NAME = "$(TARGET_NAME)";
				SWIFT_EMIT_LOC_STRINGS = NO;
				SWIFT_VERSION = 5.0;
				TARGETED_DEVICE_FAMILY = "1,2";
				TEST_TARGET_NAME = Bid;
			};
			name = Release;
		};
/* End XCBuildConfiguration section */

/* Begin XCConfigurationList section */
		47FBAF5D2AAFB84300AD241B /* Build configuration list for PBXProject "Bid" */ = {
			isa = XCConfigurationList;
			buildConfigurations = (
				47FBAF842AAFB84400AD241B /* Debug */,
				47FBAF852AAFB84400AD241B /* Release */,
			);
			defaultConfigurationIsVisible = 0;
			defaultConfigurationName = Release;
		};
		47FBAF862AAFB84400AD241B /* Build configuration list for PBXNativeTarget "Bid" */ = {
			isa = XCConfigurationList;
			buildConfigurations = (
				47FBAF872AAFB84400AD241B /* Debug */,
				47FBAF882AAFB84400AD241B /* Release */,
			);
			defaultConfigurationIsVisible = 0;
			defaultConfigurationName = Release;
		};
		47FBAF892AAFB84400AD241B /* Build configuration list for PBXNativeTarget "BidTests" */ = {
			isa = XCConfigurationList;
			buildConfigurations = (
				47FBAF8A2AAFB84400AD241B /* Debug */,
				47FBAF8B2AAFB84400AD241B /* Release */,
			);
			defaultConfigurationIsVisible = 0;
			defaultConfigurationName = Release;
		};
		47FBAF8C2AAFB84400AD241B /* Build configuration list for PBXNativeTarget "BidUITests" */ = {
			isa = XCConfigurationList;
			buildConfigurations = (
				47FBAF8D2AAFB84400AD241B /* Debug */,
				47FBAF8E2AAFB84400AD241B /* Release */,
			);
			defaultConfigurationIsVisible = 0;
			defaultConfigurationName = Release;
		};
/* End XCConfigurationList section */

/* Begin XCRemoteSwiftPackageReference section */
		475CBED72AB587E400359836 /* XCRemoteSwiftPackageReference "stripe-ios-spm" */ = {
			isa = XCRemoteSwiftPackageReference;
			repositoryURL = "https://github.com/stripe/stripe-ios-spm";
			requirement = {
				kind = upToNextMajorVersion;
				minimumVersion = 23.0.0;
			};
		};
		475CBEEC2AB5975000359836 /* XCRemoteSwiftPackageReference "firebase-ios-sdk" */ = {
			isa = XCRemoteSwiftPackageReference;
			repositoryURL = "https://github.com/firebase/firebase-ios-sdk";
			requirement = {
				kind = upToNextMajorVersion;
				minimumVersion = 10.0.0;
			};
		};
/* End XCRemoteSwiftPackageReference section */

/* Begin XCSwiftPackageProductDependency section */
		475CBED82AB587E400359836 /* Stripe */ = {
			isa = XCSwiftPackageProductDependency;
			package = 475CBED72AB587E400359836 /* XCRemoteSwiftPackageReference "stripe-ios-spm" */;
			productName = Stripe;
		};
		475CBEDA2AB587E400359836 /* StripeApplePay */ = {
			isa = XCSwiftPackageProductDependency;
			package = 475CBED72AB587E400359836 /* XCRemoteSwiftPackageReference "stripe-ios-spm" */;
			productName = StripeApplePay;
		};
		475CBEDC2AB587E400359836 /* StripeCardScan */ = {
			isa = XCSwiftPackageProductDependency;
			package = 475CBED72AB587E400359836 /* XCRemoteSwiftPackageReference "stripe-ios-spm" */;
			productName = StripeCardScan;
		};
		475CBEDE2AB587E400359836 /* StripeFinancialConnections */ = {
			isa = XCSwiftPackageProductDependency;
			package = 475CBED72AB587E400359836 /* XCRemoteSwiftPackageReference "stripe-ios-spm" */;
			productName = StripeFinancialConnections;
		};
		475CBEE02AB587E400359836 /* StripeIdentity */ = {
			isa = XCSwiftPackageProductDependency;
			package = 475CBED72AB587E400359836 /* XCRemoteSwiftPackageReference "stripe-ios-spm" */;
			productName = StripeIdentity;
		};
		475CBEE22AB587E400359836 /* StripePaymentSheet */ = {
			isa = XCSwiftPackageProductDependency;
			package = 475CBED72AB587E400359836 /* XCRemoteSwiftPackageReference "stripe-ios-spm" */;
			productName = StripePaymentSheet;
		};
		475CBEE42AB587E400359836 /* StripePayments */ = {
			isa = XCSwiftPackageProductDependency;
			package = 475CBED72AB587E400359836 /* XCRemoteSwiftPackageReference "stripe-ios-spm" */;
			productName = StripePayments;
		};
		475CBEE62AB587E400359836 /* StripePaymentsUI */ = {
			isa = XCSwiftPackageProductDependency;
			package = 475CBED72AB587E400359836 /* XCRemoteSwiftPackageReference "stripe-ios-spm" */;
			productName = StripePaymentsUI;
		};
/* End XCSwiftPackageProductDependency section */
	};
	rootObject = 47FBAF5A2AAFB84300AD241B /* Project object */;
}
